
Microsoft Visual Studio Solution File, Format Version 12.00
# Visual Studio Version 16
VisualStudioVersion = 16.0.31410.357
MinimumVisualStudioVersion = 10.0.40219.1
Project("{9A19103F-16F7-4668-BE54-9A1E7A4F7556}") = "Kontaktbuch", "Kontaktbuch\Kontaktbuch.csproj", "{4664F9A8-44D2-4887-9249-CBDA06236DFD}"
EndProject
Global
	GlobalSection(SolutionConfigurationPlatforms) = preSolution
		Debug|Any CPU = Debug|Any CPU
		Release|Any CPU = Release|Any CPU
	EndGlobalSection
	GlobalSection(ProjectConfigurationPlatforms) = postSolution
		{4664F9A8-44D2-4887-9249-CBDA06236DFD}.Debug|Any CPU.ActiveCfg = Debug|Any CPU
		{4664F9A8-44D2-4887-9249-CBDA06236DFD}.Debug|Any CPU.Build.0 = Debug|Any CPU
		{4664F9A8-44D2-4887-9249-CBDA06236DFD}.Release|Any CPU.ActiveCfg = Release|Any CPU
		{4664F9A8-44D2-4887-9249-CBDA06236DFD}.Release|Any CPU.Build.0 = Release|Any CPU
	EndGlobalSection
	GlobalSection(SolutionProperties) = preSolution
		HideSolutionNode = FALSE
	EndGlobalSection
	GlobalSection(ExtensibilityGlobals) = postSolution
		RESX_AutoCreateNewLanguageFiles = True
		SolutionGuid = {FF42D262-35B0-4CB7-8345-EC099D10751A}
	EndGlobalSection
EndGlobal
